
Microsoft Visual Studio Solution File, Format Version 12.00
# Visual Studio Version 16
VisualStudioVersion = 16.0.29123.88
MinimumVisualStudioVersion = 10.0.40219.1
Project("{9A19103F-16F7-4668-BE54-9A1E7A4F7556}") = "Design Patterns Training", "Design Patterns Training\Design Patterns Training.csproj", "{644B29D2-4701-461D-A452-044DC162062A}"
EndProject
Project("{2150E333-8FDC-42A3-9474-1A3956D46DE8}") = "Singleton", "Singleton", "{264BE077-2EE4-410D-BD63-921E061D3498}"
EndProject
Project("{9A19103F-16F7-4668-BE54-9A1E7A4F7556}") = "Singleton Example", "Singleton Example\Singleton Example.csproj", "{121E2800-BDCD-4F59-8B5F-AA74B3C3AD7A}"
EndProject
Project("{2150E333-8FDC-42A3-9474-1A3956D46DE8}") = "Builder", "Builder", "{E7F2B83E-2179-4A59-ABF9-EB55F6295736}"
EndProject
Project("{9A19103F-16F7-4668-BE54-9A1E7A4F7556}") = "Builder Example", "Builder Example\Builder Example.csproj", "{D0CBD3DD-CE70-4DB1-AD2B-FEC0441D4F8C}"
EndProject
Project("{2150E333-8FDC-42A3-9474-1A3956D46DE8}") = "Factory", "Factory", "{E7F68F55-2EE5-40B8-BFEC-1424B51CE332}"
EndProject
Project("{9A19103F-16F7-4668-BE54-9A1E7A4F7556}") = "Factory Example Implementation", "Factory Example Implementation\Factory Example Implementation.csproj", "{9272C95B-AF87-4B37-97D9-6AA94ED24BED}"
EndProject
Project("{9A19103F-16F7-4668-BE54-9A1E7A4F7556}") = "Factory Example Abstraction", "Factory Example Abstraction\Factory Example Abstraction.csproj", "{0009730D-1972-4085-B0F4-2343B83F58A7}"
EndProject
Project("{9A19103F-16F7-4668-BE54-9A1E7A4F7556}") = "Factory Example", "Factory Example\Factory Example.csproj", "{9D1A27CB-3136-49D7-B50D-56F88A62B4A8}"
EndProject
Project("{2150E333-8FDC-42A3-9474-1A3956D46DE8}") = "Abstract Factory", "Abstract Factory", "{377B628C-5278-4017-8DDB-B0E2BE6B1029}"
EndProject
Project("{9A19103F-16F7-4668-BE54-9A1E7A4F7556}") = "Abstract Factory Abstractions", "Abstract Factory Abstractions\Abstract Factory Abstractions.csproj", "{CA88018A-5729-4370-BEEE-FFE5BA19610B}"
EndProject
Project("{9A19103F-16F7-4668-BE54-9A1E7A4F7556}") = "Abstract Factory Implementation", "Abstract Factory Implementation\Abstract Factory Implementation.csproj", "{08226C69-EECC-4B5D-97EA-332BD15BE809}"
EndProject
Project("{9A19103F-16F7-4668-BE54-9A1E7A4F7556}") = "Abstract Factory Example", "Abstract Factory Example\Abstract Factory Example.csproj", "{141F0982-00C9-4B40-A603-9A0398080724}"
EndProject
Project("{2150E333-8FDC-42A3-9474-1A3956D46DE8}") = "Proxy", "Proxy", "{65E4E45B-F6D3-460F-B496-4DF19C1C92E3}"
EndProject
Project("{9A19103F-16F7-4668-BE54-9A1E7A4F7556}") = "Proxy Example", "Proxy Example\Proxy Example.csproj", "{6D72EDC6-66C7-428E-9AEF-CAFA9B331801}"
EndProject
Project("{2150E333-8FDC-42A3-9474-1A3956D46DE8}") = "Decorator", "Decorator", "{5D5BBB44-5A62-4527-967A-179E3CA263B1}"
EndProject
Project("{9A19103F-16F7-4668-BE54-9A1E7A4F7556}") = "Decorator Example", "Decorator Example\Decorator Example.csproj", "{87731471-D676-4DF0-BC8F-361F84C90AF2}"
EndProject
Project("{2150E333-8FDC-42A3-9474-1A3956D46DE8}") = "Adapter", "Adapter", "{9119A4EF-3C7D-4F2C-999D-792D30F9FF3F}"
EndProject
Project("{9A19103F-16F7-4668-BE54-9A1E7A4F7556}") = "Adapter Example", "Adapter Example\Adapter Example.csproj", "{3D583D03-B695-417E-AF62-893726F5986B}"
EndProject
Project("{2150E333-8FDC-42A3-9474-1A3956D46DE8}") = "Facade", "Facade", "{07F15F61-79AC-44A7-84A6-AEB54C8BE11A}"
EndProject
Project("{9A19103F-16F7-4668-BE54-9A1E7A4F7556}") = "Facade Example", "Facade Example\Facade Example.csproj", "{B51E4BC7-3DC2-43EF-A755-E666F08A54FD}"
EndProject
Project("{2150E333-8FDC-42A3-9474-1A3956D46DE8}") = "flyweight", "flyweight", "{79559587-692D-4EEB-AE02-8835E6AA79D1}"
EndProject
Project("{9A19103F-16F7-4668-BE54-9A1E7A4F7556}") = "Flyweight Example", "Flyweight Example\Flyweight Example.csproj", "{737B9CBA-9EBD-46BE-9A37-247A891AFA38}"
EndProject
Project("{2150E333-8FDC-42A3-9474-1A3956D46DE8}") = "Bridge", "Bridge", "{ABC1317F-71E1-4CED-8D19-AF78DEBCEEAB}"
EndProject
Project("{9A19103F-16F7-4668-BE54-9A1E7A4F7556}") = "Bridge Example", "Bridge Example\Bridge Example.csproj", "{64763F01-9106-4AC7-8F54-7C0BF02695B8}"
EndProject
Project("{2150E333-8FDC-42A3-9474-1A3956D46DE8}") = "Behavioral Patterns", "Behavioral Patterns", "{A61716EE-7EDF-47D9-8101-2CEF096DAE0F}"
EndProject
Project("{2150E333-8FDC-42A3-9474-1A3956D46DE8}") = "Visitor", "Visitor", "{F1D2AE40-356A-4CD2-9EFE-31F4137C4C1E}"
EndProject
Project("{9A19103F-16F7-4668-BE54-9A1E7A4F7556}") = "NonVisitor", "NonVisitor\NonVisitor.csproj", "{AEB11F26-5146-4244-8367-5A69A8148A6F}"
EndProject
Project("{9A19103F-16F7-4668-BE54-9A1E7A4F7556}") = "Visitor Example", "Visitor Example\Visitor Example.csproj", "{57C1EF1F-E828-45F0-9E82-1814499E0123}"
EndProject
Project("{2150E333-8FDC-42A3-9474-1A3956D46DE8}") = "Observer", "Observer", "{D04DA80F-FBA2-42AA-91F2-C347AB69987C}"
EndProject
Project("{9A19103F-16F7-4668-BE54-9A1E7A4F7556}") = "Observer Example", "Observer Example\Observer Example.csproj", "{8D48B8FE-089D-435B-B698-AA435FFE40B7}"
EndProject
Project("{2150E333-8FDC-42A3-9474-1A3956D46DE8}") = "Strategy", "Strategy", "{871FA233-E7A5-4C77-BC3A-05B493AE52FC}"
EndProject
Project("{2150E333-8FDC-42A3-9474-1A3956D46DE8}") = "Template Method", "Template Method", "{806FAECB-8875-48F6-BA9D-BE9B308EB744}"
EndProject
Project("{2150E333-8FDC-42A3-9474-1A3956D46DE8}") = "Command", "Command", "{0B010271-3D5A-4BA8-9606-F09BE66FD350}"
EndProject
Project("{9A19103F-16F7-4668-BE54-9A1E7A4F7556}") = "Command Example", "Command Example\Command Example.csproj", "{FAC1A259-1EE1-4A01-994F-579E9C085A4F}"
EndProject
Project("{9A19103F-16F7-4668-BE54-9A1E7A4F7556}") = "Iterator Example", "Iterator Example\Iterator Example.csproj", "{27D80773-326A-425A-8B4C-2D44024D047A}"
EndProject
Project("{2150E333-8FDC-42A3-9474-1A3956D46DE8}") = "Iterator", "Iterator", "{3832DA3D-CCE7-4B1B-8D83-13DACB1351A7}"
EndProject
Project("{2150E333-8FDC-42A3-9474-1A3956D46DE8}") = "Solution Items", "Solution Items", "{3593453D-7956-47B0-AB71-9BB10C6C8969}"
	ProjectSection(SolutionItems) = preProject
		.editorconfig = .editorconfig
	EndProjectSection
EndProject
Global
	GlobalSection(SolutionConfigurationPlatforms) = preSolution
		Debug|Any CPU = Debug|Any CPU
		Release|Any CPU = Release|Any CPU
	EndGlobalSection
	GlobalSection(ProjectConfigurationPlatforms) = postSolution
		{644B29D2-4701-461D-A452-044DC162062A}.Debug|Any CPU.ActiveCfg = Debug|Any CPU
		{644B29D2-4701-461D-A452-044DC162062A}.Debug|Any CPU.Build.0 = Debug|Any CPU
		{644B29D2-4701-461D-A452-044DC162062A}.Release|Any CPU.ActiveCfg = Release|Any CPU
		{644B29D2-4701-461D-A452-044DC162062A}.Release|Any CPU.Build.0 = Release|Any CPU
		{121E2800-BDCD-4F59-8B5F-AA74B3C3AD7A}.Debug|Any CPU.ActiveCfg = Debug|Any CPU
		{121E2800-BDCD-4F59-8B5F-AA74B3C3AD7A}.Debug|Any CPU.Build.0 = Debug|Any CPU
		{121E2800-BDCD-4F59-8B5F-AA74B3C3AD7A}.Release|Any CPU.ActiveCfg = Release|Any CPU
		{121E2800-BDCD-4F59-8B5F-AA74B3C3AD7A}.Release|Any CPU.Build.0 = Release|Any CPU
		{D0CBD3DD-CE70-4DB1-AD2B-FEC0441D4F8C}.Debug|Any CPU.ActiveCfg = Debug|Any CPU
		{D0CBD3DD-CE70-4DB1-AD2B-FEC0441D4F8C}.Debug|Any CPU.Build.0 = Debug|Any CPU
		{D0CBD3DD-CE70-4DB1-AD2B-FEC0441D4F8C}.Release|Any CPU.ActiveCfg = Release|Any CPU
		{D0CBD3DD-CE70-4DB1-AD2B-FEC0441D4F8C}.Release|Any CPU.Build.0 = Release|Any CPU
		{9272C95B-AF87-4B37-97D9-6AA94ED24BED}.Debug|Any CPU.ActiveCfg = Debug|Any CPU
		{9272C95B-AF87-4B37-97D9-6AA94ED24BED}.Debug|Any CPU.Build.0 = Debug|Any CPU
		{9272C95B-AF87-4B37-97D9-6AA94ED24BED}.Release|Any CPU.ActiveCfg = Release|Any CPU
		{9272C95B-AF87-4B37-97D9-6AA94ED24BED}.Release|Any CPU.Build.0 = Release|Any CPU
		{0009730D-1972-4085-B0F4-2343B83F58A7}.Debug|Any CPU.ActiveCfg = Debug|Any CPU
		{0009730D-1972-4085-B0F4-2343B83F58A7}.Debug|Any CPU.Build.0 = Debug|Any CPU
		{0009730D-1972-4085-B0F4-2343B83F58A7}.Release|Any CPU.ActiveCfg = Release|Any CPU
		{0009730D-1972-4085-B0F4-2343B83F58A7}.Release|Any CPU.Build.0 = Release|Any CPU
		{9D1A27CB-3136-49D7-B50D-56F88A62B4A8}.Debug|Any CPU.ActiveCfg = Debug|Any CPU
		{9D1A27CB-3136-49D7-B50D-56F88A62B4A8}.Debug|Any CPU.Build.0 = Debug|Any CPU
		{9D1A27CB-3136-49D7-B50D-56F88A62B4A8}.Release|Any CPU.ActiveCfg = Release|Any CPU
		{9D1A27CB-3136-49D7-B50D-56F88A62B4A8}.Release|Any CPU.Build.0 = Release|Any CPU
		{CA88018A-5729-4370-BEEE-FFE5BA19610B}.Debug|Any CPU.ActiveCfg = Debug|Any CPU
		{CA88018A-5729-4370-BEEE-FFE5BA19610B}.Debug|Any CPU.Build.0 = Debug|Any CPU
		{CA88018A-5729-4370-BEEE-FFE5BA19610B}.Release|Any CPU.ActiveCfg = Release|Any CPU
		{CA88018A-5729-4370-BEEE-FFE5BA19610B}.Release|Any CPU.Build.0 = Release|Any CPU
		{08226C69-EECC-4B5D-97EA-332BD15BE809}.Debug|Any CPU.ActiveCfg = Debug|Any CPU
		{08226C69-EECC-4B5D-97EA-332BD15BE809}.Debug|Any CPU.Build.0 = Debug|Any CPU
		{08226C69-EECC-4B5D-97EA-332BD15BE809}.Release|Any CPU.ActiveCfg = Release|Any CPU
		{08226C69-EECC-4B5D-97EA-332BD15BE809}.Release|Any CPU.Build.0 = Release|Any CPU
		{141F0982-00C9-4B40-A603-9A0398080724}.Debug|Any CPU.ActiveCfg = Debug|Any CPU
		{141F0982-00C9-4B40-A603-9A0398080724}.Debug|Any CPU.Build.0 = Debug|Any CPU
		{141F0982-00C9-4B40-A603-9A0398080724}.Release|Any CPU.ActiveCfg = Release|Any CPU
		{141F0982-00C9-4B40-A603-9A0398080724}.Release|Any CPU.Build.0 = Release|Any CPU
		{6D72EDC6-66C7-428E-9AEF-CAFA9B331801}.Debug|Any CPU.ActiveCfg = Debug|Any CPU
		{6D72EDC6-66C7-428E-9AEF-CAFA9B331801}.Debug|Any CPU.Build.0 = Debug|Any CPU
		{6D72EDC6-66C7-428E-9AEF-CAFA9B331801}.Release|Any CPU.ActiveCfg = Release|Any CPU
		{6D72EDC6-66C7-428E-9AEF-CAFA9B331801}.Release|Any CPU.Build.0 = Release|Any CPU
		{87731471-D676-4DF0-BC8F-361F84C90AF2}.Debug|Any CPU.ActiveCfg = Debug|Any CPU
		{87731471-D676-4DF0-BC8F-361F84C90AF2}.Debug|Any CPU.Build.0 = Debug|Any CPU
		{87731471-D676-4DF0-BC8F-361F84C90AF2}.Release|Any CPU.ActiveCfg = Release|Any CPU
		{87731471-D676-4DF0-BC8F-361F84C90AF2}.Release|Any CPU.Build.0 = Release|Any CPU
		{3D583D03-B695-417E-AF62-893726F5986B}.Debug|Any CPU.ActiveCfg = Debug|Any CPU
		{3D583D03-B695-417E-AF62-893726F5986B}.Debug|Any CPU.Build.0 = Debug|Any CPU
		{3D583D03-B695-417E-AF62-893726F5986B}.Release|Any CPU.ActiveCfg = Release|Any CPU
		{3D583D03-B695-417E-AF62-893726F5986B}.Release|Any CPU.Build.0 = Release|Any CPU
		{B51E4BC7-3DC2-43EF-A755-E666F08A54FD}.Debug|Any CPU.ActiveCfg = Debug|Any CPU
		{B51E4BC7-3DC2-43EF-A755-E666F08A54FD}.Debug|Any CPU.Build.0 = Debug|Any CPU
		{B51E4BC7-3DC2-43EF-A755-E666F08A54FD}.Release|Any CPU.ActiveCfg = Release|Any CPU
		{B51E4BC7-3DC2-43EF-A755-E666F08A54FD}.Release|Any CPU.Build.0 = Release|Any CPU
		{737B9CBA-9EBD-46BE-9A37-247A891AFA38}.Debug|Any CPU.ActiveCfg = Debug|Any CPU
		{737B9CBA-9EBD-46BE-9A37-247A891AFA38}.Debug|Any CPU.Build.0 = Debug|Any CPU
		{737B9CBA-9EBD-46BE-9A37-247A891AFA38}.Release|Any CPU.ActiveCfg = Release|Any CPU
		{737B9CBA-9EBD-46BE-9A37-247A891AFA38}.Release|Any CPU.Build.0 = Release|Any CPU
		{64763F01-9106-4AC7-8F54-7C0BF02695B8}.Debug|Any CPU.ActiveCfg = Debug|Any CPU
		{64763F01-9106-4AC7-8F54-7C0BF02695B8}.Debug|Any CPU.Build.0 = Debug|Any CPU
		{64763F01-9106-4AC7-8F54-7C0BF02695B8}.Release|Any CPU.ActiveCfg = Release|Any CPU
		{64763F01-9106-4AC7-8F54-7C0BF02695B8}.Release|Any CPU.Build.0 = Release|Any CPU
		{AEB11F26-5146-4244-8367-5A69A8148A6F}.Debug|Any CPU.ActiveCfg = Debug|Any CPU
		{AEB11F26-5146-4244-8367-5A69A8148A6F}.Debug|Any CPU.Build.0 = Debug|Any CPU
		{AEB11F26-5146-4244-8367-5A69A8148A6F}.Release|Any CPU.ActiveCfg = Release|Any CPU
		{AEB11F26-5146-4244-8367-5A69A8148A6F}.Release|Any CPU.Build.0 = Release|Any CPU
		{57C1EF1F-E828-45F0-9E82-1814499E0123}.Debug|Any CPU.ActiveCfg = Debug|Any CPU
		{57C1EF1F-E828-45F0-9E82-1814499E0123}.Debug|Any CPU.Build.0 = Debug|Any CPU
		{57C1EF1F-E828-45F0-9E82-1814499E0123}.Release|Any CPU.ActiveCfg = Release|Any CPU
		{57C1EF1F-E828-45F0-9E82-1814499E0123}.Release|Any CPU.Build.0 = Release|Any CPU
		{8D48B8FE-089D-435B-B698-AA435FFE40B7}.Debug|Any CPU.ActiveCfg = Debug|Any CPU
		{8D48B8FE-089D-435B-B698-AA435FFE40B7}.Debug|Any CPU.Build.0 = Debug|Any CPU
		{8D48B8FE-089D-435B-B698-AA435FFE40B7}.Release|Any CPU.ActiveCfg = Release|Any CPU
		{8D48B8FE-089D-435B-B698-AA435FFE40B7}.Release|Any CPU.Build.0 = Release|Any CPU
		{FAC1A259-1EE1-4A01-994F-579E9C085A4F}.Debug|Any CPU.ActiveCfg = Debug|Any CPU
		{FAC1A259-1EE1-4A01-994F-579E9C085A4F}.Debug|Any CPU.Build.0 = Debug|Any CPU
		{FAC1A259-1EE1-4A01-994F-579E9C085A4F}.Release|Any CPU.ActiveCfg = Release|Any CPU
		{FAC1A259-1EE1-4A01-994F-579E9C085A4F}.Release|Any CPU.Build.0 = Release|Any CPU
		{27D80773-326A-425A-8B4C-2D44024D047A}.Debug|Any CPU.ActiveCfg = Debug|Any CPU
		{27D80773-326A-425A-8B4C-2D44024D047A}.Debug|Any CPU.Build.0 = Debug|Any CPU
		{27D80773-326A-425A-8B4C-2D44024D047A}.Release|Any CPU.ActiveCfg = Release|Any CPU
		{27D80773-326A-425A-8B4C-2D44024D047A}.Release|Any CPU.Build.0 = Release|Any CPU
	EndGlobalSection
	GlobalSection(SolutionProperties) = preSolution
		HideSolutionNode = FALSE
	EndGlobalSection
	GlobalSection(NestedProjects) = preSolution
		{121E2800-BDCD-4F59-8B5F-AA74B3C3AD7A} = {264BE077-2EE4-410D-BD63-921E061D3498}
		{D0CBD3DD-CE70-4DB1-AD2B-FEC0441D4F8C} = {E7F2B83E-2179-4A59-ABF9-EB55F6295736}
		{9272C95B-AF87-4B37-97D9-6AA94ED24BED} = {E7F68F55-2EE5-40B8-BFEC-1424B51CE332}
		{0009730D-1972-4085-B0F4-2343B83F58A7} = {E7F68F55-2EE5-40B8-BFEC-1424B51CE332}
		{9D1A27CB-3136-49D7-B50D-56F88A62B4A8} = {E7F68F55-2EE5-40B8-BFEC-1424B51CE332}
		{CA88018A-5729-4370-BEEE-FFE5BA19610B} = {377B628C-5278-4017-8DDB-B0E2BE6B1029}
		{08226C69-EECC-4B5D-97EA-332BD15BE809} = {377B628C-5278-4017-8DDB-B0E2BE6B1029}
		{141F0982-00C9-4B40-A603-9A0398080724} = {377B628C-5278-4017-8DDB-B0E2BE6B1029}
		{6D72EDC6-66C7-428E-9AEF-CAFA9B331801} = {65E4E45B-F6D3-460F-B496-4DF19C1C92E3}
		{87731471-D676-4DF0-BC8F-361F84C90AF2} = {5D5BBB44-5A62-4527-967A-179E3CA263B1}
		{3D583D03-B695-417E-AF62-893726F5986B} = {9119A4EF-3C7D-4F2C-999D-792D30F9FF3F}
		{B51E4BC7-3DC2-43EF-A755-E666F08A54FD} = {07F15F61-79AC-44A7-84A6-AEB54C8BE11A}
		{737B9CBA-9EBD-46BE-9A37-247A891AFA38} = {79559587-692D-4EEB-AE02-8835E6AA79D1}
		{64763F01-9106-4AC7-8F54-7C0BF02695B8} = {ABC1317F-71E1-4CED-8D19-AF78DEBCEEAB}
		{F1D2AE40-356A-4CD2-9EFE-31F4137C4C1E} = {A61716EE-7EDF-47D9-8101-2CEF096DAE0F}
		{AEB11F26-5146-4244-8367-5A69A8148A6F} = {F1D2AE40-356A-4CD2-9EFE-31F4137C4C1E}
		{57C1EF1F-E828-45F0-9E82-1814499E0123} = {F1D2AE40-356A-4CD2-9EFE-31F4137C4C1E}
		{D04DA80F-FBA2-42AA-91F2-C347AB69987C} = {A61716EE-7EDF-47D9-8101-2CEF096DAE0F}
		{8D48B8FE-089D-435B-B698-AA435FFE40B7} = {D04DA80F-FBA2-42AA-91F2-C347AB69987C}
		{871FA233-E7A5-4C77-BC3A-05B493AE52FC} = {A61716EE-7EDF-47D9-8101-2CEF096DAE0F}
		{806FAECB-8875-48F6-BA9D-BE9B308EB744} = {A61716EE-7EDF-47D9-8101-2CEF096DAE0F}
		{0B010271-3D5A-4BA8-9606-F09BE66FD350} = {A61716EE-7EDF-47D9-8101-2CEF096DAE0F}
		{FAC1A259-1EE1-4A01-994F-579E9C085A4F} = {0B010271-3D5A-4BA8-9606-F09BE66FD350}
		{27D80773-326A-425A-8B4C-2D44024D047A} = {3832DA3D-CCE7-4B1B-8D83-13DACB1351A7}
		{3832DA3D-CCE7-4B1B-8D83-13DACB1351A7} = {A61716EE-7EDF-47D9-8101-2CEF096DAE0F}
	EndGlobalSection
	GlobalSection(ExtensibilityGlobals) = postSolution
		SolutionGuid = {5FEFE365-B9E7-4FAE-A6DF-10EC013BD78D}
	EndGlobalSection
EndGlobal
