
Microsoft Visual Studio Solution File, Format Version 12.00
# Visual Studio Version 16
VisualStudioVersion = 16.0.29123.88
MinimumVisualStudioVersion = 10.0.40219.1
Project("{2150E333-8FDC-42A3-9474-1A3956D46DE8}") = "Singleton", "Singleton", "{264BE077-2EE4-410D-BD63-921E061D3498}"
EndProject
Project("{2150E333-8FDC-42A3-9474-1A3956D46DE8}") = "Builder", "Builder", "{E7F2B83E-2179-4A59-ABF9-EB55F6295736}"
EndProject
Project("{2150E333-8FDC-42A3-9474-1A3956D46DE8}") = "Factory", "Factory", "{E7F68F55-2EE5-40B8-BFEC-1424B51CE332}"
EndProject
Project("{2150E333-8FDC-42A3-9474-1A3956D46DE8}") = "Abstract Factory", "Abstract Factory", "{377B628C-5278-4017-8DDB-B0E2BE6B1029}"
EndProject
Project("{2150E333-8FDC-42A3-9474-1A3956D46DE8}") = "Proxy", "Proxy", "{65E4E45B-F6D3-460F-B496-4DF19C1C92E3}"
EndProject
Project("{2150E333-8FDC-42A3-9474-1A3956D46DE8}") = "Decorator", "Decorator", "{5D5BBB44-5A62-4527-967A-179E3CA263B1}"
EndProject
Project("{2150E333-8FDC-42A3-9474-1A3956D46DE8}") = "Adapter", "Adapter", "{9119A4EF-3C7D-4F2C-999D-792D30F9FF3F}"
EndProject
Project("{2150E333-8FDC-42A3-9474-1A3956D46DE8}") = "Facade", "Facade", "{07F15F61-79AC-44A7-84A6-AEB54C8BE11A}"
EndProject
Project("{2150E333-8FDC-42A3-9474-1A3956D46DE8}") = "flyweight", "flyweight", "{79559587-692D-4EEB-AE02-8835E6AA79D1}"
EndProject
Project("{2150E333-8FDC-42A3-9474-1A3956D46DE8}") = "Bridge", "Bridge", "{ABC1317F-71E1-4CED-8D19-AF78DEBCEEAB}"
EndProject
Project("{2150E333-8FDC-42A3-9474-1A3956D46DE8}") = "Behavioral Patterns", "Behavioral Patterns", "{A61716EE-7EDF-47D9-8101-2CEF096DAE0F}"
EndProject
Project("{2150E333-8FDC-42A3-9474-1A3956D46DE8}") = "Visitor", "Visitor", "{F1D2AE40-356A-4CD2-9EFE-31F4137C4C1E}"
EndProject
Project("{2150E333-8FDC-42A3-9474-1A3956D46DE8}") = "Observer", "Observer", "{D04DA80F-FBA2-42AA-91F2-C347AB69987C}"
EndProject
Project("{2150E333-8FDC-42A3-9474-1A3956D46DE8}") = "Strategy", "Strategy", "{871FA233-E7A5-4C77-BC3A-05B493AE52FC}"
EndProject
Project("{2150E333-8FDC-42A3-9474-1A3956D46DE8}") = "Template Method", "Template Method", "{806FAECB-8875-48F6-BA9D-BE9B308EB744}"
EndProject
Project("{2150E333-8FDC-42A3-9474-1A3956D46DE8}") = "Command", "Command", "{0B010271-3D5A-4BA8-9606-F09BE66FD350}"
EndProject
Project("{2150E333-8FDC-42A3-9474-1A3956D46DE8}") = "Iterator", "Iterator", "{3832DA3D-CCE7-4B1B-8D83-13DACB1351A7}"
EndProject
Project("{2150E333-8FDC-42A3-9474-1A3956D46DE8}") = "Creational", "Creational", "{55BEAD7E-B661-4737-A2D3-268E3D6F4B47}"
EndProject
Project("{2150E333-8FDC-42A3-9474-1A3956D46DE8}") = "Structural", "Structural", "{01CB1CFA-641D-431F-946A-B20540455CA8}"
EndProject
Project("{9A19103F-16F7-4668-BE54-9A1E7A4F7556}") = "Abstract Factory Abstractions", "Creational\Abstract Factory\Abstract Factory Abstractions\Abstract Factory Abstractions.csproj", "{20F491B1-4DED-4C6A-9A91-E8B815C04D3D}"
EndProject
Project("{9A19103F-16F7-4668-BE54-9A1E7A4F7556}") = "Abstract Factory Example", "Creational\Abstract Factory\Abstract Factory Example\Abstract Factory Example.csproj", "{285EAC27-0510-4192-BAE6-911C9D0188CB}"
EndProject
Project("{9A19103F-16F7-4668-BE54-9A1E7A4F7556}") = "Abstract Factory Implementation", "Creational\Abstract Factory\Abstract Factory Implementation\Abstract Factory Implementation.csproj", "{278956F7-A410-40FD-9E06-6B0CE9DECEBC}"
EndProject
Project("{9A19103F-16F7-4668-BE54-9A1E7A4F7556}") = "Factory Example", "Creational\Factory\Factory Example\Factory Example.csproj", "{750E182E-1CAA-4F4E-B716-59872CA9E853}"
EndProject
Project("{9A19103F-16F7-4668-BE54-9A1E7A4F7556}") = "Factory Example Implementation", "Creational\Factory\Factory Example Implementation\Factory Example Implementation.csproj", "{FBDB39E6-1232-4301-92DE-EBF4291E8809}"
EndProject
Project("{9A19103F-16F7-4668-BE54-9A1E7A4F7556}") = "Factory Example Abstractions", "Creational\Factory\Factory Example Abstractions\Factory Example Abstractions.csproj", "{72E05F42-80BD-4970-9672-F5777E4A3470}"
EndProject
Project("{9A19103F-16F7-4668-BE54-9A1E7A4F7556}") = "Factory Example Abstraction", "Creational\Factory\Factory Example Abstraction\Factory Example Abstraction.csproj", "{9BA860B2-E6F0-4089-80FE-184E8C51E26A}"
EndProject
Project("{9A19103F-16F7-4668-BE54-9A1E7A4F7556}") = "Command_Example", "Behavioral Patterns\Command_Example\Command_Example.csproj", "{1102AC05-8F49-4C4F-B57E-AC28521A2887}"
EndProject
Project("{9A19103F-16F7-4668-BE54-9A1E7A4F7556}") = "Iterator_Example", "Behavioral Patterns\Iterator_Example\Iterator_Example.csproj", "{DCC0CC73-4789-445F-912D-7C9AA60BF309}"
EndProject
Project("{9A19103F-16F7-4668-BE54-9A1E7A4F7556}") = "Observer_Example", "Behavioral Patterns\Observer_Example\Observer_Example.csproj", "{83A19008-32D5-4F0D-9E67-FBDC3F2E06D7}"
EndProject
Project("{9A19103F-16F7-4668-BE54-9A1E7A4F7556}") = "Visitor_Example", "Behavioral Patterns\Visitor_Example\Visitor_Example.csproj", "{C94A18E6-D8BA-44FC-9523-BD038BC37996}"
EndProject
Project("{9A19103F-16F7-4668-BE54-9A1E7A4F7556}") = "Without_Visitor", "Behavioral Patterns\Without_Visitor\Without_Visitor.csproj", "{E8EDA267-CFC7-4F6A-855F-33391C142201}"
EndProject
Project("{9A19103F-16F7-4668-BE54-9A1E7A4F7556}") = "Builder_Example", "Creational\Builder_Example\Builder_Example.csproj", "{E244620B-4636-4522-8F3F-AFE43D90F06D}"
EndProject
Project("{9A19103F-16F7-4668-BE54-9A1E7A4F7556}") = "Singleton_Example", "Creational\Singleton_Example\Singleton_Example.csproj", "{7EDB8F74-6C0B-467C-AB47-AB14EDB4B6DB}"
EndProject
Project("{9A19103F-16F7-4668-BE54-9A1E7A4F7556}") = "Adapter_Example", "Structural\Adapter_Example\Adapter_Example.csproj", "{A7C0F376-64DC-48CE-903E-9134E658DC03}"
EndProject
Project("{9A19103F-16F7-4668-BE54-9A1E7A4F7556}") = "Bridge_Example", "Structural\Bridge_Example\Bridge_Example.csproj", "{D652533D-2907-4652-BE84-014431643B35}"
EndProject
Project("{9A19103F-16F7-4668-BE54-9A1E7A4F7556}") = "Decorator_Example", "Structural\Decorator_Example\Decorator_Example.csproj", "{A2A4A06E-678E-41D2-A9C2-62D00530B6B1}"
EndProject
Project("{9A19103F-16F7-4668-BE54-9A1E7A4F7556}") = "Facade_Example", "Structural\Facade_Example\Facade_Example.csproj", "{A09975DD-C2AE-4A35-A23A-A4FC651A91B2}"
EndProject
Project("{9A19103F-16F7-4668-BE54-9A1E7A4F7556}") = "Flyweight_Example", "Structural\Flyweight_Example\Flyweight_Example.csproj", "{95DDAF56-9697-42C3-9EFC-8DF73CA8EA6F}"
EndProject
Project("{9A19103F-16F7-4668-BE54-9A1E7A4F7556}") = "Proxy_Example", "Structural\Proxy_Example\Proxy_Example.csproj", "{58FAE23C-E3BF-4760-B475-DE6E2D3F2E3E}"
EndProject
Global
	GlobalSection(SolutionConfigurationPlatforms) = preSolution
		Debug|Any CPU = Debug|Any CPU
		Release|Any CPU = Release|Any CPU
	EndGlobalSection
	GlobalSection(ProjectConfigurationPlatforms) = postSolution
		{20F491B1-4DED-4C6A-9A91-E8B815C04D3D}.Debug|Any CPU.ActiveCfg = Debug|Any CPU
		{20F491B1-4DED-4C6A-9A91-E8B815C04D3D}.Debug|Any CPU.Build.0 = Debug|Any CPU
		{20F491B1-4DED-4C6A-9A91-E8B815C04D3D}.Release|Any CPU.ActiveCfg = Release|Any CPU
		{20F491B1-4DED-4C6A-9A91-E8B815C04D3D}.Release|Any CPU.Build.0 = Release|Any CPU
		{285EAC27-0510-4192-BAE6-911C9D0188CB}.Debug|Any CPU.ActiveCfg = Debug|Any CPU
		{285EAC27-0510-4192-BAE6-911C9D0188CB}.Debug|Any CPU.Build.0 = Debug|Any CPU
		{285EAC27-0510-4192-BAE6-911C9D0188CB}.Release|Any CPU.ActiveCfg = Release|Any CPU
		{285EAC27-0510-4192-BAE6-911C9D0188CB}.Release|Any CPU.Build.0 = Release|Any CPU
		{278956F7-A410-40FD-9E06-6B0CE9DECEBC}.Debug|Any CPU.ActiveCfg = Debug|Any CPU
		{278956F7-A410-40FD-9E06-6B0CE9DECEBC}.Debug|Any CPU.Build.0 = Debug|Any CPU
		{278956F7-A410-40FD-9E06-6B0CE9DECEBC}.Release|Any CPU.ActiveCfg = Release|Any CPU
		{278956F7-A410-40FD-9E06-6B0CE9DECEBC}.Release|Any CPU.Build.0 = Release|Any CPU
		{750E182E-1CAA-4F4E-B716-59872CA9E853}.Debug|Any CPU.ActiveCfg = Debug|Any CPU
		{750E182E-1CAA-4F4E-B716-59872CA9E853}.Debug|Any CPU.Build.0 = Debug|Any CPU
		{750E182E-1CAA-4F4E-B716-59872CA9E853}.Release|Any CPU.ActiveCfg = Release|Any CPU
		{750E182E-1CAA-4F4E-B716-59872CA9E853}.Release|Any CPU.Build.0 = Release|Any CPU
		{FBDB39E6-1232-4301-92DE-EBF4291E8809}.Debug|Any CPU.ActiveCfg = Debug|Any CPU
		{FBDB39E6-1232-4301-92DE-EBF4291E8809}.Debug|Any CPU.Build.0 = Debug|Any CPU
		{FBDB39E6-1232-4301-92DE-EBF4291E8809}.Release|Any CPU.ActiveCfg = Release|Any CPU
		{FBDB39E6-1232-4301-92DE-EBF4291E8809}.Release|Any CPU.Build.0 = Release|Any CPU
		{72E05F42-80BD-4970-9672-F5777E4A3470}.Debug|Any CPU.ActiveCfg = Debug|Any CPU
		{72E05F42-80BD-4970-9672-F5777E4A3470}.Debug|Any CPU.Build.0 = Debug|Any CPU
		{72E05F42-80BD-4970-9672-F5777E4A3470}.Release|Any CPU.ActiveCfg = Release|Any CPU
		{72E05F42-80BD-4970-9672-F5777E4A3470}.Release|Any CPU.Build.0 = Release|Any CPU
		{9BA860B2-E6F0-4089-80FE-184E8C51E26A}.Debug|Any CPU.ActiveCfg = Debug|Any CPU
		{9BA860B2-E6F0-4089-80FE-184E8C51E26A}.Debug|Any CPU.Build.0 = Debug|Any CPU
		{9BA860B2-E6F0-4089-80FE-184E8C51E26A}.Release|Any CPU.ActiveCfg = Release|Any CPU
		{9BA860B2-E6F0-4089-80FE-184E8C51E26A}.Release|Any CPU.Build.0 = Release|Any CPU
		{1102AC05-8F49-4C4F-B57E-AC28521A2887}.Debug|Any CPU.ActiveCfg = Debug|Any CPU
		{1102AC05-8F49-4C4F-B57E-AC28521A2887}.Debug|Any CPU.Build.0 = Debug|Any CPU
		{1102AC05-8F49-4C4F-B57E-AC28521A2887}.Release|Any CPU.ActiveCfg = Release|Any CPU
		{1102AC05-8F49-4C4F-B57E-AC28521A2887}.Release|Any CPU.Build.0 = Release|Any CPU
		{DCC0CC73-4789-445F-912D-7C9AA60BF309}.Debug|Any CPU.ActiveCfg = Debug|Any CPU
		{DCC0CC73-4789-445F-912D-7C9AA60BF309}.Debug|Any CPU.Build.0 = Debug|Any CPU
		{DCC0CC73-4789-445F-912D-7C9AA60BF309}.Release|Any CPU.ActiveCfg = Release|Any CPU
		{DCC0CC73-4789-445F-912D-7C9AA60BF309}.Release|Any CPU.Build.0 = Release|Any CPU
		{83A19008-32D5-4F0D-9E67-FBDC3F2E06D7}.Debug|Any CPU.ActiveCfg = Debug|Any CPU
		{83A19008-32D5-4F0D-9E67-FBDC3F2E06D7}.Debug|Any CPU.Build.0 = Debug|Any CPU
		{83A19008-32D5-4F0D-9E67-FBDC3F2E06D7}.Release|Any CPU.ActiveCfg = Release|Any CPU
		{83A19008-32D5-4F0D-9E67-FBDC3F2E06D7}.Release|Any CPU.Build.0 = Release|Any CPU
		{C94A18E6-D8BA-44FC-9523-BD038BC37996}.Debug|Any CPU.ActiveCfg = Debug|Any CPU
		{C94A18E6-D8BA-44FC-9523-BD038BC37996}.Debug|Any CPU.Build.0 = Debug|Any CPU
		{C94A18E6-D8BA-44FC-9523-BD038BC37996}.Release|Any CPU.ActiveCfg = Release|Any CPU
		{C94A18E6-D8BA-44FC-9523-BD038BC37996}.Release|Any CPU.Build.0 = Release|Any CPU
		{E8EDA267-CFC7-4F6A-855F-33391C142201}.Debug|Any CPU.ActiveCfg = Debug|Any CPU
		{E8EDA267-CFC7-4F6A-855F-33391C142201}.Debug|Any CPU.Build.0 = Debug|Any CPU
		{E8EDA267-CFC7-4F6A-855F-33391C142201}.Release|Any CPU.ActiveCfg = Release|Any CPU
		{E8EDA267-CFC7-4F6A-855F-33391C142201}.Release|Any CPU.Build.0 = Release|Any CPU
		{E244620B-4636-4522-8F3F-AFE43D90F06D}.Debug|Any CPU.ActiveCfg = Debug|Any CPU
		{E244620B-4636-4522-8F3F-AFE43D90F06D}.Debug|Any CPU.Build.0 = Debug|Any CPU
		{E244620B-4636-4522-8F3F-AFE43D90F06D}.Release|Any CPU.ActiveCfg = Release|Any CPU
		{E244620B-4636-4522-8F3F-AFE43D90F06D}.Release|Any CPU.Build.0 = Release|Any CPU
		{7EDB8F74-6C0B-467C-AB47-AB14EDB4B6DB}.Debug|Any CPU.ActiveCfg = Debug|Any CPU
		{7EDB8F74-6C0B-467C-AB47-AB14EDB4B6DB}.Debug|Any CPU.Build.0 = Debug|Any CPU
		{7EDB8F74-6C0B-467C-AB47-AB14EDB4B6DB}.Release|Any CPU.ActiveCfg = Release|Any CPU
		{7EDB8F74-6C0B-467C-AB47-AB14EDB4B6DB}.Release|Any CPU.Build.0 = Release|Any CPU
		{A7C0F376-64DC-48CE-903E-9134E658DC03}.Debug|Any CPU.ActiveCfg = Debug|Any CPU
		{A7C0F376-64DC-48CE-903E-9134E658DC03}.Debug|Any CPU.Build.0 = Debug|Any CPU
		{A7C0F376-64DC-48CE-903E-9134E658DC03}.Release|Any CPU.ActiveCfg = Release|Any CPU
		{A7C0F376-64DC-48CE-903E-9134E658DC03}.Release|Any CPU.Build.0 = Release|Any CPU
		{D652533D-2907-4652-BE84-014431643B35}.Debug|Any CPU.ActiveCfg = Debug|Any CPU
		{D652533D-2907-4652-BE84-014431643B35}.Debug|Any CPU.Build.0 = Debug|Any CPU
		{D652533D-2907-4652-BE84-014431643B35}.Release|Any CPU.ActiveCfg = Release|Any CPU
		{D652533D-2907-4652-BE84-014431643B35}.Release|Any CPU.Build.0 = Release|Any CPU
		{A2A4A06E-678E-41D2-A9C2-62D00530B6B1}.Debug|Any CPU.ActiveCfg = Debug|Any CPU
		{A2A4A06E-678E-41D2-A9C2-62D00530B6B1}.Debug|Any CPU.Build.0 = Debug|Any CPU
		{A2A4A06E-678E-41D2-A9C2-62D00530B6B1}.Release|Any CPU.ActiveCfg = Release|Any CPU
		{A2A4A06E-678E-41D2-A9C2-62D00530B6B1}.Release|Any CPU.Build.0 = Release|Any CPU
		{A09975DD-C2AE-4A35-A23A-A4FC651A91B2}.Debug|Any CPU.ActiveCfg = Debug|Any CPU
		{A09975DD-C2AE-4A35-A23A-A4FC651A91B2}.Debug|Any CPU.Build.0 = Debug|Any CPU
		{A09975DD-C2AE-4A35-A23A-A4FC651A91B2}.Release|Any CPU.ActiveCfg = Release|Any CPU
		{A09975DD-C2AE-4A35-A23A-A4FC651A91B2}.Release|Any CPU.Build.0 = Release|Any CPU
		{95DDAF56-9697-42C3-9EFC-8DF73CA8EA6F}.Debug|Any CPU.ActiveCfg = Debug|Any CPU
		{95DDAF56-9697-42C3-9EFC-8DF73CA8EA6F}.Debug|Any CPU.Build.0 = Debug|Any CPU
		{95DDAF56-9697-42C3-9EFC-8DF73CA8EA6F}.Release|Any CPU.ActiveCfg = Release|Any CPU
		{95DDAF56-9697-42C3-9EFC-8DF73CA8EA6F}.Release|Any CPU.Build.0 = Release|Any CPU
		{58FAE23C-E3BF-4760-B475-DE6E2D3F2E3E}.Debug|Any CPU.ActiveCfg = Debug|Any CPU
		{58FAE23C-E3BF-4760-B475-DE6E2D3F2E3E}.Debug|Any CPU.Build.0 = Debug|Any CPU
		{58FAE23C-E3BF-4760-B475-DE6E2D3F2E3E}.Release|Any CPU.ActiveCfg = Release|Any CPU
		{58FAE23C-E3BF-4760-B475-DE6E2D3F2E3E}.Release|Any CPU.Build.0 = Release|Any CPU
	EndGlobalSection
	GlobalSection(SolutionProperties) = preSolution
		HideSolutionNode = FALSE
	EndGlobalSection
	GlobalSection(NestedProjects) = preSolution
		{264BE077-2EE4-410D-BD63-921E061D3498} = {55BEAD7E-B661-4737-A2D3-268E3D6F4B47}
		{E7F2B83E-2179-4A59-ABF9-EB55F6295736} = {55BEAD7E-B661-4737-A2D3-268E3D6F4B47}
		{E7F68F55-2EE5-40B8-BFEC-1424B51CE332} = {55BEAD7E-B661-4737-A2D3-268E3D6F4B47}
		{377B628C-5278-4017-8DDB-B0E2BE6B1029} = {55BEAD7E-B661-4737-A2D3-268E3D6F4B47}
		{65E4E45B-F6D3-460F-B496-4DF19C1C92E3} = {01CB1CFA-641D-431F-946A-B20540455CA8}
		{5D5BBB44-5A62-4527-967A-179E3CA263B1} = {01CB1CFA-641D-431F-946A-B20540455CA8}
		{9119A4EF-3C7D-4F2C-999D-792D30F9FF3F} = {01CB1CFA-641D-431F-946A-B20540455CA8}
		{07F15F61-79AC-44A7-84A6-AEB54C8BE11A} = {01CB1CFA-641D-431F-946A-B20540455CA8}
		{79559587-692D-4EEB-AE02-8835E6AA79D1} = {01CB1CFA-641D-431F-946A-B20540455CA8}
		{ABC1317F-71E1-4CED-8D19-AF78DEBCEEAB} = {01CB1CFA-641D-431F-946A-B20540455CA8}
		{F1D2AE40-356A-4CD2-9EFE-31F4137C4C1E} = {A61716EE-7EDF-47D9-8101-2CEF096DAE0F}
		{D04DA80F-FBA2-42AA-91F2-C347AB69987C} = {A61716EE-7EDF-47D9-8101-2CEF096DAE0F}
		{871FA233-E7A5-4C77-BC3A-05B493AE52FC} = {A61716EE-7EDF-47D9-8101-2CEF096DAE0F}
		{806FAECB-8875-48F6-BA9D-BE9B308EB744} = {A61716EE-7EDF-47D9-8101-2CEF096DAE0F}
		{0B010271-3D5A-4BA8-9606-F09BE66FD350} = {A61716EE-7EDF-47D9-8101-2CEF096DAE0F}
		{3832DA3D-CCE7-4B1B-8D83-13DACB1351A7} = {A61716EE-7EDF-47D9-8101-2CEF096DAE0F}
		{20F491B1-4DED-4C6A-9A91-E8B815C04D3D} = {377B628C-5278-4017-8DDB-B0E2BE6B1029}
		{285EAC27-0510-4192-BAE6-911C9D0188CB} = {377B628C-5278-4017-8DDB-B0E2BE6B1029}
		{278956F7-A410-40FD-9E06-6B0CE9DECEBC} = {377B628C-5278-4017-8DDB-B0E2BE6B1029}
		{750E182E-1CAA-4F4E-B716-59872CA9E853} = {E7F68F55-2EE5-40B8-BFEC-1424B51CE332}
		{FBDB39E6-1232-4301-92DE-EBF4291E8809} = {E7F68F55-2EE5-40B8-BFEC-1424B51CE332}
		{72E05F42-80BD-4970-9672-F5777E4A3470} = {E7F68F55-2EE5-40B8-BFEC-1424B51CE332}
		{9BA860B2-E6F0-4089-80FE-184E8C51E26A} = {E7F68F55-2EE5-40B8-BFEC-1424B51CE332}
		{1102AC05-8F49-4C4F-B57E-AC28521A2887} = {0B010271-3D5A-4BA8-9606-F09BE66FD350}
		{DCC0CC73-4789-445F-912D-7C9AA60BF309} = {3832DA3D-CCE7-4B1B-8D83-13DACB1351A7}
		{83A19008-32D5-4F0D-9E67-FBDC3F2E06D7} = {D04DA80F-FBA2-42AA-91F2-C347AB69987C}
		{C94A18E6-D8BA-44FC-9523-BD038BC37996} = {F1D2AE40-356A-4CD2-9EFE-31F4137C4C1E}
		{E8EDA267-CFC7-4F6A-855F-33391C142201} = {F1D2AE40-356A-4CD2-9EFE-31F4137C4C1E}
		{E244620B-4636-4522-8F3F-AFE43D90F06D} = {E7F2B83E-2179-4A59-ABF9-EB55F6295736}
		{7EDB8F74-6C0B-467C-AB47-AB14EDB4B6DB} = {264BE077-2EE4-410D-BD63-921E061D3498}
		{A7C0F376-64DC-48CE-903E-9134E658DC03} = {9119A4EF-3C7D-4F2C-999D-792D30F9FF3F}
		{D652533D-2907-4652-BE84-014431643B35} = {ABC1317F-71E1-4CED-8D19-AF78DEBCEEAB}
		{A2A4A06E-678E-41D2-A9C2-62D00530B6B1} = {5D5BBB44-5A62-4527-967A-179E3CA263B1}
		{A09975DD-C2AE-4A35-A23A-A4FC651A91B2} = {07F15F61-79AC-44A7-84A6-AEB54C8BE11A}
		{95DDAF56-9697-42C3-9EFC-8DF73CA8EA6F} = {79559587-692D-4EEB-AE02-8835E6AA79D1}
		{58FAE23C-E3BF-4760-B475-DE6E2D3F2E3E} = {65E4E45B-F6D3-460F-B496-4DF19C1C92E3}
	EndGlobalSection
	GlobalSection(ExtensibilityGlobals) = postSolution
		SolutionGuid = {5FEFE365-B9E7-4FAE-A6DF-10EC013BD78D}
	EndGlobalSection
EndGlobal
